// !$*UTF8*$!
{
	archiveVersion = 1;
	classes = {
	};
	objectVersion = 46;
	objects = {

/* Begin PBXBuildFile section */
		9D4F90B51FEA0C47002A5B4F /* AviewCtrl.m in Sources */ = {isa = PBXBuildFile; fileRef = 9D4F90B41FEA0C47002A5B4F /* AviewCtrl.m */; };
		9D59E6031EF374DE000A96C7 /* main.m in Sources */ = {isa = PBXBuildFile; fileRef = 9D59E6021EF374DE000A96C7 /* main.m */; };
		9D59E6061EF374DE000A96C7 /* AppDelegate.m in Sources */ = {isa = PBXBuildFile; fileRef = 9D59E6051EF374DE000A96C7 /* AppDelegate.m */; };
		9D59E6091EF374DE000A96C7 /* ViewController.m in Sources */ = {isa = PBXBuildFile; fileRef = 9D59E6081EF374DE000A96C7 /* ViewController.m */; };
		9D59E60C1EF374DE000A96C7 /* Main.storyboard in Resources */ = {isa = PBXBuildFile; fileRef = 9D59E60A1EF374DE000A96C7 /* Main.storyboard */; };
		9D59E60E1EF374DE000A96C7 /* Assets.xcassets in Resources */ = {isa = PBXBuildFile; fileRef = 9D59E60D1EF374DE000A96C7 /* Assets.xcassets */; };
		9D59E6111EF374DE000A96C7 /* LaunchScreen.storyboard in Resources */ = {isa = PBXBuildFile; fileRef = 9D59E60F1EF374DE000A96C7 /* LaunchScreen.storyboard */; };
		AAE26B39FB25647FF1D053DE /* Pods_PodDemo.framework in Frameworks */ = {isa = PBXBuildFile; fileRef = 658C1B446623711E835F0831 /* Pods_PodDemo.framework */; };
/* End PBXBuildFile section */

/* Begin PBXFileReference section */
		59F8BC283272EE0FBF276F3E /* Pods-PodDemo.debug.xcconfig */ = {isa = PBXFileReference; includeInIndex = 1; lastKnownFileType = text.xcconfig; name = "Pods-PodDemo.debug.xcconfig"; path = "Pods/Target Support Files/Pods-PodDemo/Pods-PodDemo.debug.xcconfig"; sourceTree = "<group>"; };
		5B5288909A14550BA1B5B0A9 /* Pods-PodDemo.release.xcconfig */ = {isa = PBXFileReference; includeInIndex = 1; lastKnownFileType = text.xcconfig; name = "Pods-PodDemo.release.xcconfig"; path = "Pods/Target Support Files/Pods-PodDemo/Pods-PodDemo.release.xcconfig"; sourceTree = "<group>"; };
		658C1B446623711E835F0831 /* Pods_PodDemo.framework */ = {isa = PBXFileReference; explicitFileType = wrapper.framework; includeInIndex = 0; path = Pods_PodDemo.framework; sourceTree = BUILT_PRODUCTS_DIR; };
		9D4F90B31FEA0C47002A5B4F /* AviewCtrl.h */ = {isa = PBXFileReference; lastKnownFileType = sourcecode.c.h; path = AviewCtrl.h; sourceTree = "<group>"; };
		9D4F90B41FEA0C47002A5B4F /* AviewCtrl.m */ = {isa = PBXFileReference; lastKnownFileType = sourcecode.c.objc; path = AviewCtrl.m; sourceTree = "<group>"; };
		9D59E5FE1EF374DE000A96C7 /* PodDemo.app */ = {isa = PBXFileReference; explicitFileType = wrapper.application; includeInIndex = 0; path = PodDemo.app; sourceTree = BUILT_PRODUCTS_DIR; };
		9D59E6021EF374DE000A96C7 /* main.m */ = {isa = PBXFileReference; lastKnownFileType = sourcecode.c.objc; path = main.m; sourceTree = "<group>"; };
		9D59E6041EF374DE000A96C7 /* AppDelegate.h */ = {isa = PBXFileReference; lastKnownFileType = sourcecode.c.h; path = AppDelegate.h; sourceTree = "<group>"; };
		9D59E6051EF374DE000A96C7 /* AppDelegate.m */ = {isa = PBXFileReference; lastKnownFileType = sourcecode.c.objc; path = AppDelegate.m; sourceTree = "<group>"; };
		9D59E6071EF374DE000A96C7 /* ViewController.h */ = {isa = PBXFileReference; lastKnownFileType = sourcecode.c.h; path = ViewController.h; sourceTree = "<group>"; };
		9D59E6081EF374DE000A96C7 /* ViewController.m */ = {isa = PBXFileReference; lastKnownFileType = sourcecode.c.objc; path = ViewController.m; sourceTree = "<group>"; };
		9D59E60B1EF374DE000A96C7 /* Base */ = {isa = PBXFileReference; lastKnownFileType = file.storyboard; name = Base; path = Base.lproj/Main.storyboard; sourceTree = "<group>"; };
		9D59E60D1EF374DE000A96C7 /* Assets.xcassets */ = {isa = PBXFileReference; lastKnownFileType = folder.assetcatalog; path = Assets.xcassets; sourceTree = "<group>"; };
		9D59E6101EF374DE000A96C7 /* Base */ = {isa = PBXFileReference; lastKnownFileType = file.storyboard; name = Base; path = Base.lproj/LaunchScreen.storyboard; sourceTree = "<group>"; };
		9D59E6121EF374DE000A96C7 /* Info.plist */ = {isa = PBXFileReference; lastKnownFileType = text.plist.xml; path = Info.plist; sourceTree = "<group>"; };
/* End PBXFileReference section */

/* Begin PBXFrameworksBuildPhase section */
		9D59E5FB1EF374DE000A96C7 /* Frameworks */ = {
			isa = PBXFrameworksBuildPhase;
			buildActionMask = 2147483647;
			files = (
				AAE26B39FB25647FF1D053DE /* Pods_PodDemo.framework in Frameworks */,
			);
			runOnlyForDeploymentPostprocessing = 0;
		};
/* End PBXFrameworksBuildPhase section */

/* Begin PBXGroup section */
		09ABD3E920E73CFE26307B50 /* Frameworks */ = {
			isa = PBXGroup;
			children = (
				658C1B446623711E835F0831 /* Pods_PodDemo.framework */,
			);
			name = Frameworks;
			sourceTree = "<group>";
		};
		9D59E5F51EF374DE000A96C7 = {
			isa = PBXGroup;
			children = (
				9D59E6001EF374DE000A96C7 /* PodDemo */,
				9D59E5FF1EF374DE000A96C7 /* Products */,
				D5DE537AC7B3F8C3D4539BEB /* Pods */,
				09ABD3E920E73CFE26307B50 /* Frameworks */,
			);
			sourceTree = "<group>";
		};
		9D59E5FF1EF374DE000A96C7 /* Products */ = {
			isa = PBXGroup;
			children = (
				9D59E5FE1EF374DE000A96C7 /* PodDemo.app */,
			);
			name = Products;
			sourceTree = "<group>";
		};
		9D59E6001EF374DE000A96C7 /* PodDemo */ = {
			isa = PBXGroup;
			children = (
				9D59E6041EF374DE000A96C7 /* AppDelegate.h */,
				9D59E6051EF374DE000A96C7 /* AppDelegate.m */,
				9D59E6071EF374DE000A96C7 /* ViewController.h */,
				9D59E6081EF374DE000A96C7 /* ViewController.m */,
				9D4F90B31FEA0C47002A5B4F /* AviewCtrl.h */,
				9D4F90B41FEA0C47002A5B4F /* AviewCtrl.m */,
				9D59E60A1EF374DE000A96C7 /* Main.storyboard */,
				9D59E60D1EF374DE000A96C7 /* Assets.xcassets */,
				9D59E60F1EF374DE000A96C7 /* LaunchScreen.storyboard */,
				9D59E6121EF374DE000A96C7 /* Info.plist */,
				9D59E6011EF374DE000A96C7 /* Supporting Files */,
			);
			path = PodDemo;
			sourceTree = "<group>";
		};
		9D59E6011EF374DE000A96C7 /* Supporting Files */ = {
			isa = PBXGroup;
			children = (
				9D59E6021EF374DE000A96C7 /* main.m */,
			);
			name = "Supporting Files";
			sourceTree = "<group>";
		};
		D5DE537AC7B3F8C3D4539BEB /* Pods */ = {
			isa = PBXGroup;
			children = (
				59F8BC283272EE0FBF276F3E /* Pods-PodDemo.debug.xcconfig */,
				5B5288909A14550BA1B5B0A9 /* Pods-PodDemo.release.xcconfig */,
			);
			name = Pods;
			sourceTree = "<group>";
		};
/* End PBXGroup section */

/* Begin PBXNativeTarget section */
		9D59E5FD1EF374DE000A96C7 /* PodDemo */ = {
			isa = PBXNativeTarget;
			buildConfigurationList = 9D59E6151EF374DE000A96C7 /* Build configuration list for PBXNativeTarget "PodDemo" */;
			buildPhases = (
				FCD592692A58D2746CE02DD0 /* [CP] Check Pods Manifest.lock */,
				9D59E5FA1EF374DE000A96C7 /* Sources */,
				9D59E5FB1EF374DE000A96C7 /* Frameworks */,
				9D59E5FC1EF374DE000A96C7 /* Resources */,
				482920F310108478E4B4E132 /* [CP] Embed Pods Frameworks */,
			);
			buildRules = (
			);
			dependencies = (
			);
			name = PodDemo;
			productName = PodDemo;
			productReference = 9D59E5FE1EF374DE000A96C7 /* PodDemo.app */;
			productType = "com.apple.product-type.application";
		};
/* End PBXNativeTarget section */

/* Begin PBXProject section */
		9D59E5F61EF374DE000A96C7 /* Project object */ = {
			isa = PBXProject;
			attributes = {
				LastUpgradeCheck = 0830;
				ORGANIZATIONNAME = liudou;
				TargetAttributes = {
					9D59E5FD1EF374DE000A96C7 = {
						CreatedOnToolsVersion = 8.3;
						DevelopmentTeam = Y623FNP5AT;
						ProvisioningStyle = Automatic;
					};
				};
			};
			buildConfigurationList = 9D59E5F91EF374DE000A96C7 /* Build configuration list for PBXProject "PodDemo" */;
			compatibilityVersion = "Xcode 3.2";
			developmentRegion = English;
			hasScannedForEncodings = 0;
			knownRegions = (
				en,
				Base,
			);
			mainGroup = 9D59E5F51EF374DE000A96C7;
			productRefGroup = 9D59E5FF1EF374DE000A96C7 /* Products */;
			projectDirPath = "";
			projectRoot = "";
			targets = (
				9D59E5FD1EF374DE000A96C7 /* PodDemo */,
			);
		};
/* End PBXProject section */

/* Begin PBXResourcesBuildPhase section */
		9D59E5FC1EF374DE000A96C7 /* Resources */ = {
			isa = PBXResourcesBuildPhase;
			buildActionMask = 2147483647;
			files = (
				9D59E6111EF374DE000A96C7 /* LaunchScreen.storyboard in Resources */,
				9D59E60E1EF374DE000A96C7 /* Assets.xcassets in Resources */,
				9D59E60C1EF374DE000A96C7 /* Main.storyboard in Resources */,
			);
			runOnlyForDeploymentPostprocessing = 0;
		};
/* End PBXResourcesBuildPhase section */

/* Begin PBXShellScriptBuildPhase section */
		482920F310108478E4B4E132 /* [CP] Embed Pods Frameworks */ = {
			isa = PBXShellScriptBuildPhase;
			buildActionMask = 2147483647;
			files = (
			);
			inputPaths = (
				"${SRCROOT}/Pods/Target Support Files/Pods-PodDemo/Pods-PodDemo-frameworks.sh",
				"${BUILT_PRODUCTS_DIR}/AFNetworking/AFNetworking.framework",
			);
			name = "[CP] Embed Pods Frameworks";
			outputPaths = (
				"${TARGET_BUILD_DIR}/${FRAMEWORKS_FOLDER_PATH}/AFNetworking.framework",
			);
			runOnlyForDeploymentPostprocessing = 0;
			shellPath = /bin/sh;
			shellScript = "\"${SRCROOT}/Pods/Target Support Files/Pods-PodDemo/Pods-PodDemo-frameworks.sh\"\n";
			showEnvVarsInLog = 0;
		};
		FCD592692A58D2746CE02DD0 /* [CP] Check Pods Manifest.lock */ = {
			isa = PBXShellScriptBuildPhase;
			buildActionMask = 2147483647;
			files = (
			);
			inputPaths = (
				"${PODS_PODFILE_DIR_PATH}/Podfile.lock",
				"${PODS_ROOT}/Manifest.lock",
			);
			name = "[CP] Check Pods Manifest.lock";
			outputPaths = (
				"$(DERIVED_FILE_DIR)/Pods-PodDemo-checkManifestLockResult.txt",
			);
			runOnlyForDeploymentPostprocessing = 0;
			shellPath = /bin/sh;
			shellScript = "diff \"${PODS_PODFILE_DIR_PATH}/Podfile.lock\" \"${PODS_ROOT}/Manifest.lock\" > /dev/null\nif [ $? != 0 ] ; then\n    # print error to STDERR\n    echo \"error: The sandbox is not in sync with the Podfile.lock. Run 'pod install' or update your CocoaPods installation.\" >&2\n    exit 1\nfi\n# This output is used by Xcode 'outputs' to avoid re-running this script phase.\necho \"SUCCESS\" > \"${SCRIPT_OUTPUT_FILE_0}\"\n";
			showEnvVarsInLog = 0;
		};
/* End PBXShellScriptBuildPhase section */

/* Begin PBXSourcesBuildPhase section */
		9D59E5FA1EF374DE000A96C7 /* Sources */ = {
			isa = PBXSourcesBuildPhase;
			buildActionMask = 2147483647;
			files = (
				9D59E6091EF374DE000A96C7 /* ViewController.m in Sources */,
				9D59E6061EF374DE000A96C7 /* AppDelegate.m in Sources */,
				9D59E6031EF374DE000A96C7 /* main.m in Sources */,
				9D4F90B51FEA0C47002A5B4F /* AviewCtrl.m in Sources */,
			);
			runOnlyForDeploymentPostprocessing = 0;
		};
/* End PBXSourcesBuildPhase section */

/* Begin PBXVariantGroup section */
		9D59E60A1EF374DE000A96C7 /* Main.storyboard */ = {
			isa = PBXVariantGroup;
			children = (
				9D59E60B1EF374DE000A96C7 /* Base */,
			);
			name = Main.storyboard;
			sourceTree = "<group>";
		};
		9D59E60F1EF374DE000A96C7 /* LaunchScreen.storyboard */ = {
			isa = PBXVariantGroup;
			children = (
				9D59E6101EF374DE000A96C7 /* Base */,
			);
			name = LaunchScreen.storyboard;
			sourceTree = "<group>";
		};
/* End PBXVariantGroup section */

/* Begin XCBuildConfiguration section */
		9D59E6131EF374DE000A96C7 /* Debug */ = {
			isa = XCBuildConfiguration;
			buildSettings = {
				ALWAYS_SEARCH_USER_PATHS = NO;
				CLANG_ANALYZER_NONNULL = YES;
				CLANG_ANALYZER_NUMBER_OBJECT_CONVERSION = YES_AGGRESSIVE;
				CLANG_CXX_LANGUAGE_STANDARD = "gnu++0x";
				CLANG_CXX_LIBRARY = "libc++";
				CLANG_ENABLE_MODULES = YES;
				CLANG_ENABLE_OBJC_ARC = YES;
				CLANG_WARN_BOOL_CONVERSION = YES;
				CLANG_WARN_CONSTANT_CONVERSION = YES;
				CLANG_WARN_DIRECT_OBJC_ISA_USAGE = YES_ERROR;
				CLANG_WARN_DOCUMENTATION_COMMENTS = YES;
				CLANG_WARN_EMPTY_BODY = YES;
				CLANG_WARN_ENUM_CONVERSION = YES;
				CLANG_WARN_INFINITE_RECURSION = YES;
				CLANG_WARN_INT_CONVERSION = YES;
				CLANG_WARN_OBJC_ROOT_CLASS = YES_ERROR;
				CLANG_WARN_SUSPICIOUS_MOVE = YES;
				CLANG_WARN_UNREACHABLE_CODE = YES;
				CLANG_WARN__DUPLICATE_METHOD_MATCH = YES;
				"CODE_SIGN_IDENTITY[sdk=iphoneos*]" = "iPhone Developer";
				COPY_PHASE_STRIP = NO;
				DEBUG_INFORMATION_FORMAT = dwarf;
				ENABLE_STRICT_OBJC_MSGSEND = YES;
				ENABLE_TESTABILITY = YES;
				GCC_C_LANGUAGE_STANDARD = gnu99;
				GCC_DYNAMIC_NO_PIC = NO;
				GCC_NO_COMMON_BLOCKS = YES;
				GCC_OPTIMIZATION_LEVEL = 0;
				GCC_PREPROCESSOR_DEFINITIONS = (
					"DEBUG=1",
					"$(inherited)",
				);
				GCC_WARN_64_TO_32_BIT_CONVERSION = YES;
				GCC_WARN_ABOUT_RETURN_TYPE = YES_ERROR;
				GCC_WARN_UNDECLARED_SELECTOR = YES;
				GCC_WARN_UNINITIALIZED_AUTOS = YES_AGGRESSIVE;
				GCC_WARN_UNUSED_FUNCTION = YES;
				GCC_WARN_UNUSED_VARIABLE = YES;
				IPHONEOS_DEPLOYMENT_TARGET = 10.3;
				MTL_ENABLE_DEBUG_INFO = YES;
				ONLY_ACTIVE_ARCH = YES;
				SDKROOT = iphoneos;
			};
			name = Debug;
		};
		9D59E6141EF374DE000A96C7 /* Release */ = {
			isa = XCBuildConfiguration;
			buildSettings = {
				ALWAYS_SEARCH_USER_PATHS = NO;
				CLANG_ANALYZER_NONNULL = YES;
				CLANG_ANALYZER_NUMBER_OBJECT_CONVERSION = YES_AGGRESSIVE;
				CLANG_CXX_LANGUAGE_STANDARD = "gnu++0x";
				CLANG_CXX_LIBRARY = "libc++";
				CLANG_ENABLE_MODULES = YES;
				CLANG_ENABLE_OBJC_ARC = YES;
				CLANG_WARN_BOOL_CONVERSION = YES;
				CLANG_WARN_CONSTANT_CONVERSION = YES;
				CLANG_WARN_DIRECT_OBJC_ISA_USAGE = YES_ERROR;
				CLANG_WARN_DOCUMENTATION_COMMENTS = YES;
				CLANG_WARN_EMPTY_BODY = YES;
				CLANG_WARN_ENUM_CONVERSION = YES;
				CLANG_WARN_INFINITE_RECURSION = YES;
				CLANG_WARN_INT_CONVERSION = YES;
				CLANG_WARN_OBJC_ROOT_CLASS = YES_ERROR;
				CLANG_WARN_SUSPICIOUS_MOVE = YES;
				CLANG_WARN_UNREACHABLE_CODE = YES;
				CLANG_WARN__DUPLICATE_METHOD_MATCH = YES;
				"CODE_SIGN_IDENTITY[sdk=iphoneos*]" = "iPhone Developer";
				COPY_PHASE_STRIP = NO;
				DEBUG_INFORMATION_FORMAT = "dwarf-with-dsym";
				ENABLE_NS_ASSERTIONS = NO;
				ENABLE_STRICT_OBJC_MSGSEND = YES;
				GCC_C_LANGUAGE_STANDARD = gnu99;
				GCC_NO_COMMON_BLOCKS = YES;
				GCC_WARN_64_TO_32_BIT_CONVERSION = YES;
				GCC_WARN_ABOUT_RETURN_TYPE = YES_ERROR;
				GCC_WARN_UNDECLARED_SELECTOR = YES;
				GCC_WARN_UNINITIALIZED_AUTOS = YES_AGGRESSIVE;
				GCC_WARN_UNUSED_FUNCTION = YES;
				GCC_WARN_UNUSED_VARIABLE = YES;
				IPHONEOS_DEPLOYMENT_TARGET = 10.3;
				MTL_ENABLE_DEBUG_INFO = NO;
				SDKROOT = iphoneos;
				VALIDATE_PRODUCT = YES;
			};
			name = Release;
		};
		9D59E6161EF374DE000A96C7 /* Debug */ = {
			isa = XCBuildConfiguration;
			baseConfigurationReference = 59F8BC283272EE0FBF276F3E /* Pods-PodDemo.debug.xcconfig */;
			buildSettings = {
				ASSETCATALOG_COMPILER_APPICON_NAME = AppIcon;
				DEVELOPMENT_TEAM = Y623FNP5AT;
				INFOPLIST_FILE = PodDemo/Info.plist;
				LD_RUNPATH_SEARCH_PATHS = "$(inherited) @executable_path/Frameworks";
				PRODUCT_BUNDLE_IDENTIFIER = mytest.PodDemo;
				PRODUCT_NAME = "$(TARGET_NAME)";
			};
			name = Debug;
		};
		9D59E6171EF374DE000A96C7 /* Release */ = {
			isa = XCBuildConfiguration;
			baseConfigurationReference = 5B5288909A14550BA1B5B0A9 /* Pods-PodDemo.release.xcconfig */;
			buildSettings = {
				ASSETCATALOG_COMPILER_APPICON_NAME = AppIcon;
				DEVELOPMENT_TEAM = Y623FNP5AT;
				INFOPLIST_FILE = PodDemo/Info.plist;
				LD_RUNPATH_SEARCH_PATHS = "$(inherited) @executable_path/Frameworks";
				PRODUCT_BUNDLE_IDENTIFIER = mytest.PodDemo;
				PRODUCT_NAME = "$(TARGET_NAME)";
			};
			name = Release;
		};
/* End XCBuildConfiguration section */

/* Begin XCConfigurationList section */
		9D59E5F91EF374DE000A96C7 /* Build configuration list for PBXProject "PodDemo" */ = {
			isa = XCConfigurationList;
			buildConfigurations = (
				9D59E6131EF374DE000A96C7 /* Debug */,
				9D59E6141EF374DE000A96C7 /* Release */,
			);
			defaultConfigurationIsVisible = 0;
			defaultConfigurationName = Release;
		};
		9D59E6151EF374DE000A96C7 /* Build configuration list for PBXNativeTarget "PodDemo" */ = {
			isa = XCConfigurationList;
			buildConfigurations = (
				9D59E6161EF374DE000A96C7 /* Debug */,
				9D59E6171EF374DE000A96C7 /* Release */,
			);
			defaultConfigurationIsVisible = 0;
			defaultConfigurationName = Release;
		};
/* End XCConfigurationList section */
	};
	rootObject = 9D59E5F61EF374DE000A96C7 /* Project object */;
}
